
Microsoft Visual Studio Solution File, Format Version 12.00
# Visual Studio Version 17
VisualStudioVersion = 17.14.36203.30
MinimumVisualStudioVersion = 10.0.40219.1
Project("{FAE04EC0-301F-11D3-BF4B-00C04F79EFBC}") = "EvidencePojisteni", "EvidencePojisteni\EvidencePojisteni.csproj", "{751F4EB6-22FB-4849-864E-BEDC1643A296}"
EndProject
Project("{FAE04EC0-301F-11D3-BF4B-00C04F79EFBC}") = "EvidencePojisteni.Web", "EvidencePojisteni.Web\EvidencePojisteni.Web.csproj", "{82CA62B1-F25A-44B4-BC12-02D00B6C605D}"
EndProject
Global
	GlobalSection(SolutionConfigurationPlatforms) = preSolution
		Debug|Any CPU = Debug|Any CPU
		Release|Any CPU = Release|Any CPU
	EndGlobalSection
	GlobalSection(ProjectConfigurationPlatforms) = postSolution
		{751F4EB6-22FB-4849-864E-BEDC1643A296}.Debug|Any CPU.ActiveCfg = Debug|Any CPU
		{751F4EB6-22FB-4849-864E-BEDC1643A296}.Debug|Any CPU.Build.0 = Debug|Any CPU
		{751F4EB6-22FB-4849-864E-BEDC1643A296}.Release|Any CPU.ActiveCfg = Release|Any CPU
		{751F4EB6-22FB-4849-864E-BEDC1643A296}.Release|Any CPU.Build.0 = Release|Any CPU
		{82CA62B1-F25A-44B4-BC12-02D00B6C605D}.Debug|Any CPU.ActiveCfg = Debug|Any CPU
		{82CA62B1-F25A-44B4-BC12-02D00B6C605D}.Debug|Any CPU.Build.0 = Debug|Any CPU
		{82CA62B1-F25A-44B4-BC12-02D00B6C605D}.Release|Any CPU.ActiveCfg = Release|Any CPU
		{82CA62B1-F25A-44B4-BC12-02D00B6C605D}.Release|Any CPU.Build.0 = Release|Any CPU
	EndGlobalSection
	GlobalSection(SolutionProperties) = preSolution
		HideSolutionNode = FALSE
	EndGlobalSection
	GlobalSection(ExtensibilityGlobals) = postSolution
		SolutionGuid = {D5BC7ED0-08C5-4154-A3FD-FA24BA471E4C}
	EndGlobalSection
EndGlobal
